
Microsoft Visual Studio Solution File, Format Version 12.00
# Visual Studio Version 17
VisualStudioVersion = 17.1.32210.238
MinimumVisualStudioVersion = 10.0.40219.1
Project("{FAE04EC0-301F-11D3-BF4B-00C04F79EFBC}") = "backend-tareas", "backend-tareas\backend-tareas.csproj", "{E73965F4-DD99-4116-8DEE-1F7ABD00BC51}"
EndProject
Global
	GlobalSection(SolutionConfigurationPlatforms) = preSolution
		Debug|Any CPU = Debug|Any CPU
		Release|Any CPU = Release|Any CPU
	EndGlobalSection
	GlobalSection(ProjectConfigurationPlatforms) = postSolution
		{E73965F4-DD99-4116-8DEE-1F7ABD00BC51}.Debug|Any CPU.ActiveCfg = Debug|Any CPU
		{E73965F4-DD99-4116-8DEE-1F7ABD00BC51}.Debug|Any CPU.Build.0 = Debug|Any CPU
		{E73965F4-DD99-4116-8DEE-1F7ABD00BC51}.Release|Any CPU.ActiveCfg = Release|Any CPU
		{E73965F4-DD99-4116-8DEE-1F7ABD00BC51}.Release|Any CPU.Build.0 = Release|Any CPU
	EndGlobalSection
	GlobalSection(SolutionProperties) = preSolution
		HideSolutionNode = FALSE
	EndGlobalSection
	GlobalSection(ExtensibilityGlobals) = postSolution
		SolutionGuid = {0E213352-5B84-424A-B893-C6498E6E04A9}
	EndGlobalSection
EndGlobal
